
Microsoft Visual Studio Solution File, Format Version 12.00
# Visual Studio Version 17
VisualStudioVersion = 17.8.34330.188
MinimumVisualStudioVersion = 10.0.40219.1
Project("{FAE04EC0-301F-11D3-BF4B-00C04F79EFBC}") = "Role Play Game Combat System", "Role Play Game Combat System\Role Play Game Combat System.csproj", "{A35C05B5-42D1-4217-B3E6-97B221E931E7}"
EndProject
Global
	GlobalSection(SolutionConfigurationPlatforms) = preSolution
		Debug|Any CPU = Debug|Any CPU
		Release|Any CPU = Release|Any CPU
	EndGlobalSection
	GlobalSection(ProjectConfigurationPlatforms) = postSolution
		{A35C05B5-42D1-4217-B3E6-97B221E931E7}.Debug|Any CPU.ActiveCfg = Debug|Any CPU
		{A35C05B5-42D1-4217-B3E6-97B221E931E7}.Debug|Any CPU.Build.0 = Debug|Any CPU
		{A35C05B5-42D1-4217-B3E6-97B221E931E7}.Release|Any CPU.ActiveCfg = Release|Any CPU
		{A35C05B5-42D1-4217-B3E6-97B221E931E7}.Release|Any CPU.Build.0 = Release|Any CPU
	EndGlobalSection
	GlobalSection(SolutionProperties) = preSolution
		HideSolutionNode = FALSE
	EndGlobalSection
	GlobalSection(ExtensibilityGlobals) = postSolution
		SolutionGuid = {85E7A44F-9783-405A-87D4-8C3EA50D481C}
	EndGlobalSection
EndGlobal
